{
  "requires": true,
  "lockfileVersion": 1,
  "dependencies": {
    "@angular/animations": {
      "version": "10.1.6",
      "resolved": "https://registry.npmjs.org/@angular/animations/-/animations-10.1.6.tgz",
      "integrity": "sha512-XMTribgDJOb7hxK3e39yjm/Ez7qdP7SHQuei6dT2cDQKHMNflstDM2MWF8sXonzrniVgNKwiRaCx7UTx21azGQ==",
      "requires": {
        "tslib": "^2.0.0"
      }
    },
    "@angular/cdk": {
      "version": "10.2.5",
      "resolved": "https://registry.npmjs.org/@angular/cdk/-/cdk-10.2.5.tgz",
      "integrity": "sha512-SI/YdaxfkttG92A0uGRixyJkfTKHn0GIU+7BCSRq0d31ru3Ugfln+jr+5/xttxWr88CNPTfpGaUt0ZuSqYCzqw==",
      "requires": {
        "parse5": "^5.0.0",
        "tslib": "^2.0.0"
      }
    },
    "@angular/material": {
      "version": "10.2.5",
      "resolved": "https://registry.npmjs.org/@angular/material/-/material-10.2.5.tgz",
      "integrity": "sha512-gYFqpXdLLuRYb9N1jVj9Gig/AlqsEfT/m+RtzHm4mawmHqeQbEV+0C0Qvc6fKRb1060Nkzfz8TDNGu5B+Xzq5A==",
      "requires": {
        "tslib": "^2.0.0"
      }
    },
    "hammerjs": {
      "version": "2.0.8",
      "resolved": "https://registry.npmjs.org/hammerjs/-/hammerjs-2.0.8.tgz",
      "integrity": "sha1-BO93hiz/K7edMPdpIJWTAiK/YPE="
    },
    "parse5": {
      "version": "5.1.1",
      "resolved": "https://registry.npmjs.org/parse5/-/parse5-5.1.1.tgz",
      "integrity": "sha512-ugq4DFI0Ptb+WWjAdOK16+u/nHfiIrcE+sh8kZMaM0WllQKLI9rOUq6c2b7cwPkXdzfQESqvoqK6ug7U/Yyzug=="
    },
    "tslib": {
      "version": "2.0.3",
      "resolved": "https://registry.npmjs.org/tslib/-/tslib-2.0.3.tgz",
      "integrity": "sha512-uZtkfKblCEQtZKBF6EBXVZeQNl82yqtDQdv+eck8u7tdPxjLu2/lp5/uPW+um2tpuxINHWy3GhiccY7QgEaVHQ=="
    }
  }
}
